// !$*UTF8*$!
{
	archiveVersion = 1;
	classes = {
	};
	objectVersion = 55;
	objects = {

/* Begin PBXBuildFile section */
		CD244A4728CFC57E003434B3 /* SpringAnimation in Frameworks */ = {isa = PBXBuildFile; productRef = CD244A4628CFC57E003434B3 /* SpringAnimation */; };
		CD599F1528CFBFD200EF88A1 /* AppDelegate.swift in Sources */ = {isa = PBXBuildFile; fileRef = CD599F1428CFBFD200EF88A1 /* AppDelegate.swift */; };
		CD599F1728CFBFD200EF88A1 /* SceneDelegate.swift in Sources */ = {isa = PBXBuildFile; fileRef = CD599F1628CFBFD200EF88A1 /* SceneDelegate.swift */; };
		CD599F1928CFBFD200EF88A1 /* ViewController.swift in Sources */ = {isa = PBXBuildFile; fileRef = CD599F1828CFBFD200EF88A1 /* ViewController.swift */; };
		CD599F1C28CFBFD200EF88A1 /* Main.storyboard in Resources */ = {isa = PBXBuildFile; fileRef = CD599F1A28CFBFD200EF88A1 /* Main.storyboard */; };
		CD599F1E28CFBFD400EF88A1 /* Assets.xcassets in Resources */ = {isa = PBXBuildFile; fileRef = CD599F1D28CFBFD400EF88A1 /* Assets.xcassets */; };
		CD599F2128CFBFD400EF88A1 /* LaunchScreen.storyboard in Resources */ = {isa = PBXBuildFile; fileRef = CD599F1F28CFBFD400EF88A1 /* LaunchScreen.storyboard */; };
		CDD41C2728D0877B0094D0F7 /* Animation.swift in Sources */ = {isa = PBXBuildFile; fileRef = CDD41C2628D0877B0094D0F7 /* Animation.swift */; };
/* End PBXBuildFile section */

/* Begin PBXFileReference section */
		CD599F1128CFBFD200EF88A1 /* NiceAnimations.app */ = {isa = PBXFileReference; explicitFileType = wrapper.application; includeInIndex = 0; path = NiceAnimations.app; sourceTree = BUILT_PRODUCTS_DIR; };
		CD599F1428CFBFD200EF88A1 /* AppDelegate.swift */ = {isa = PBXFileReference; lastKnownFileType = sourcecode.swift; path = AppDelegate.swift; sourceTree = "<group>"; };
		CD599F1628CFBFD200EF88A1 /* SceneDelegate.swift */ = {isa = PBXFileReference; lastKnownFileType = sourcecode.swift; path = SceneDelegate.swift; sourceTree = "<group>"; };
		CD599F1828CFBFD200EF88A1 /* ViewController.swift */ = {isa = PBXFileReference; lastKnownFileType = sourcecode.swift; path = ViewController.swift; sourceTree = "<group>"; };
		CD599F1B28CFBFD200EF88A1 /* Base */ = {isa = PBXFileReference; lastKnownFileType = file.storyboard; name = Base; path = Base.lproj/Main.storyboard; sourceTree = "<group>"; };
		CD599F1D28CFBFD400EF88A1 /* Assets.xcassets */ = {isa = PBXFileReference; lastKnownFileType = folder.assetcatalog; path = Assets.xcassets; sourceTree = "<group>"; };
		CD599F2028CFBFD400EF88A1 /* Base */ = {isa = PBXFileReference; lastKnownFileType = file.storyboard; name = Base; path = Base.lproj/LaunchScreen.storyboard; sourceTree = "<group>"; };
		CD599F2228CFBFD400EF88A1 /* Info.plist */ = {isa = PBXFileReference; lastKnownFileType = text.plist.xml; path = Info.plist; sourceTree = "<group>"; };
		CDD41C2628D0877B0094D0F7 /* Animation.swift */ = {isa = PBXFileReference; lastKnownFileType = sourcecode.swift; path = Animation.swift; sourceTree = "<group>"; };
/* End PBXFileReference section */

/* Begin PBXFrameworksBuildPhase section */
		CD599F0E28CFBFD200EF88A1 /* Frameworks */ = {
			isa = PBXFrameworksBuildPhase;
			buildActionMask = 2147483647;
			files = (
				CD244A4728CFC57E003434B3 /* SpringAnimation in Frameworks */,
			);
			runOnlyForDeploymentPostprocessing = 0;
		};
/* End PBXFrameworksBuildPhase section */

/* Begin PBXGroup section */
		CD599F0828CFBFD200EF88A1 = {
			isa = PBXGroup;
			children = (
				CD599F1328CFBFD200EF88A1 /* NiceAnimations */,
				CD599F1228CFBFD200EF88A1 /* Products */,
			);
			sourceTree = "<group>";
		};
		CD599F1228CFBFD200EF88A1 /* Products */ = {
			isa = PBXGroup;
			children = (
				CD599F1128CFBFD200EF88A1 /* NiceAnimations.app */,
			);
			name = Products;
			sourceTree = "<group>";
		};
		CD599F1328CFBFD200EF88A1 /* NiceAnimations */ = {
			isa = PBXGroup;
			children = (
				CD599F1428CFBFD200EF88A1 /* AppDelegate.swift */,
				CDD41C2628D0877B0094D0F7 /* Animation.swift */,
				CD599F1628CFBFD200EF88A1 /* SceneDelegate.swift */,
				CD599F1828CFBFD200EF88A1 /* ViewController.swift */,
				CD599F1A28CFBFD200EF88A1 /* Main.storyboard */,
				CD599F1D28CFBFD400EF88A1 /* Assets.xcassets */,
				CD599F1F28CFBFD400EF88A1 /* LaunchScreen.storyboard */,
				CD599F2228CFBFD400EF88A1 /* Info.plist */,
			);
			path = NiceAnimations;
			sourceTree = "<group>";
		};
/* End PBXGroup section */

/* Begin PBXNativeTarget section */
		CD599F1028CFBFD200EF88A1 /* NiceAnimations */ = {
			isa = PBXNativeTarget;
			buildConfigurationList = CD599F2528CFBFD400EF88A1 /* Build configuration list for PBXNativeTarget "NiceAnimations" */;
			buildPhases = (
				CD599F0D28CFBFD200EF88A1 /* Sources */,
				CD599F0E28CFBFD200EF88A1 /* Frameworks */,
				CD599F0F28CFBFD200EF88A1 /* Resources */,
			);
			buildRules = (
			);
			dependencies = (
			);
			name = NiceAnimations;
			packageProductDependencies = (
				CD244A4628CFC57E003434B3 /* SpringAnimation */,
			);
			productName = NiceAnimations;
			productReference = CD599F1128CFBFD200EF88A1 /* NiceAnimations.app */;
			productType = "com.apple.product-type.application";
		};
/* End PBXNativeTarget section */

/* Begin PBXProject section */
		CD599F0928CFBFD200EF88A1 /* Project object */ = {
			isa = PBXProject;
			attributes = {
				BuildIndependentTargetsInParallel = 1;
				LastSwiftUpdateCheck = 1340;
				LastUpgradeCheck = 1340;
				TargetAttributes = {
					CD599F1028CFBFD200EF88A1 = {
						CreatedOnToolsVersion = 13.4.1;
					};
				};
			};
			buildConfigurationList = CD599F0C28CFBFD200EF88A1 /* Build configuration list for PBXProject "NiceAnimations" */;
			compatibilityVersion = "Xcode 13.0";
			developmentRegion = en;
			hasScannedForEncodings = 0;
			knownRegions = (
				en,
				Base,
			);
			mainGroup = CD599F0828CFBFD200EF88A1;
			packageReferences = (
				CD244A4528CFC57E003434B3 /* XCRemoteSwiftPackageReference "SpringAnimation" */,
			);
			productRefGroup = CD599F1228CFBFD200EF88A1 /* Products */;
			projectDirPath = "";
			projectRoot = "";
			targets = (
				CD599F1028CFBFD200EF88A1 /* NiceAnimations */,
			);
		};
/* End PBXProject section */

/* Begin PBXResourcesBuildPhase section */
		CD599F0F28CFBFD200EF88A1 /* Resources */ = {
			isa = PBXResourcesBuildPhase;
			buildActionMask = 2147483647;
			files = (
				CD599F2128CFBFD400EF88A1 /* LaunchScreen.storyboard in Resources */,
				CD599F1E28CFBFD400EF88A1 /* Assets.xcassets in Resources */,
				CD599F1C28CFBFD200EF88A1 /* Main.storyboard in Resources */,
			);
			runOnlyForDeploymentPostprocessing = 0;
		};
/* End PBXResourcesBuildPhase section */

/* Begin PBXSourcesBuildPhase section */
		CD599F0D28CFBFD200EF88A1 /* Sources */ = {
			isa = PBXSourcesBuildPhase;
			buildActionMask = 2147483647;
			files = (
				CD599F1928CFBFD200EF88A1 /* ViewController.swift in Sources */,
				CD599F1528CFBFD200EF88A1 /* AppDelegate.swift in Sources */,
				CDD41C2728D0877B0094D0F7 /* Animation.swift in Sources */,
				CD599F1728CFBFD200EF88A1 /* SceneDelegate.swift in Sources */,
			);
			runOnlyForDeploymentPostprocessing = 0;
		};
/* End PBXSourcesBuildPhase section */

/* Begin PBXVariantGroup section */
		CD599F1A28CFBFD200EF88A1 /* Main.storyboard */ = {
			isa = PBXVariantGroup;
			children = (
				CD599F1B28CFBFD200EF88A1 /* Base */,
			);
			name = Main.storyboard;
			sourceTree = "<group>";
		};
		CD599F1F28CFBFD400EF88A1 /* LaunchScreen.storyboard */ = {
			isa = PBXVariantGroup;
			children = (
				CD599F2028CFBFD400EF88A1 /* Base */,
			);
			name = LaunchScreen.storyboard;
			sourceTree = "<group>";
		};
/* End PBXVariantGroup section */

/* Begin XCBuildConfiguration section */
		CD599F2328CFBFD400EF88A1 /* Debug */ = {
			isa = XCBuildConfiguration;
			buildSettings = {
				ALWAYS_SEARCH_USER_PATHS = NO;
				CLANG_ANALYZER_NONNULL = YES;
				CLANG_ANALYZER_NUMBER_OBJECT_CONVERSION = YES_AGGRESSIVE;
				CLANG_CXX_LANGUAGE_STANDARD = "gnu++17";
				CLANG_ENABLE_MODULES = YES;
				CLANG_ENABLE_OBJC_ARC = YES;
				CLANG_ENABLE_OBJC_WEAK = YES;
				CLANG_WARN_BLOCK_CAPTURE_AUTORELEASING = YES;
				CLANG_WARN_BOOL_CONVERSION = YES;
				CLANG_WARN_COMMA = YES;
				CLANG_WARN_CONSTANT_CONVERSION = YES;
				CLANG_WARN_DEPRECATED_OBJC_IMPLEMENTATIONS = YES;
				CLANG_WARN_DIRECT_OBJC_ISA_USAGE = YES_ERROR;
				CLANG_WARN_DOCUMENTATION_COMMENTS = YES;
				CLANG_WARN_EMPTY_BODY = YES;
				CLANG_WARN_ENUM_CONVERSION = YES;
				CLANG_WARN_INFINITE_RECURSION = YES;
				CLANG_WARN_INT_CONVERSION = YES;
				CLANG_WARN_NON_LITERAL_NULL_CONVERSION = YES;
				CLANG_WARN_OBJC_IMPLICIT_RETAIN_SELF = YES;
				CLANG_WARN_OBJC_LITERAL_CONVERSION = YES;
				CLANG_WARN_OBJC_ROOT_CLASS = YES_ERROR;
				CLANG_WARN_QUOTED_INCLUDE_IN_FRAMEWORK_HEADER = YES;
				CLANG_WARN_RANGE_LOOP_ANALYSIS = YES;
				CLANG_WARN_STRICT_PROTOTYPES = YES;
				CLANG_WARN_SUSPICIOUS_MOVE = YES;
				CLANG_WARN_UNGUARDED_AVAILABILITY = YES_AGGRESSIVE;
				CLANG_WARN_UNREACHABLE_CODE = YES;
				CLANG_WARN__DUPLICATE_METHOD_MATCH = YES;
				COPY_PHASE_STRIP = NO;
				DEBUG_INFORMATION_FORMAT = dwarf;
				ENABLE_STRICT_OBJC_MSGSEND = YES;
				ENABLE_TESTABILITY = YES;
				GCC_C_LANGUAGE_STANDARD = gnu11;
				GCC_DYNAMIC_NO_PIC = NO;
				GCC_NO_COMMON_BLOCKS = YES;
				GCC_OPTIMIZATION_LEVEL = 0;
				GCC_PREPROCESSOR_DEFINITIONS = (
					"DEBUG=1",
					"$(inherited)",
				);
				GCC_WARN_64_TO_32_BIT_CONVERSION = YES;
				GCC_WARN_ABOUT_RETURN_TYPE = YES_ERROR;
				GCC_WARN_UNDECLARED_SELECTOR = YES;
				GCC_WARN_UNINITIALIZED_AUTOS = YES_AGGRESSIVE;
				GCC_WARN_UNUSED_FUNCTION = YES;
				GCC_WARN_UNUSED_VARIABLE = YES;
				IPHONEOS_DEPLOYMENT_TARGET = 15.5;
				MTL_ENABLE_DEBUG_INFO = INCLUDE_SOURCE;
				MTL_FAST_MATH = YES;
				ONLY_ACTIVE_ARCH = YES;
				SDKROOT = iphoneos;
				SWIFT_ACTIVE_COMPILATION_CONDITIONS = DEBUG;
				SWIFT_OPTIMIZATION_LEVEL = "-Onone";
			};
			name = Debug;
		};
		CD599F2428CFBFD400EF88A1 /* Release */ = {
			isa = XCBuildConfiguration;
			buildSettings = {
				ALWAYS_SEARCH_USER_PATHS = NO;
				CLANG_ANALYZER_NONNULL = YES;
				CLANG_ANALYZER_NUMBER_OBJECT_CONVERSION = YES_AGGRESSIVE;
				CLANG_CXX_LANGUAGE_STANDARD = "gnu++17";
				CLANG_ENABLE_MODULES = YES;
				CLANG_ENABLE_OBJC_ARC = YES;
				CLANG_ENABLE_OBJC_WEAK = YES;
				CLANG_WARN_BLOCK_CAPTURE_AUTORELEASING = YES;
				CLANG_WARN_BOOL_CONVERSION = YES;
				CLANG_WARN_COMMA = YES;
				CLANG_WARN_CONSTANT_CONVERSION = YES;
				CLANG_WARN_DEPRECATED_OBJC_IMPLEMENTATIONS = YES;
				CLANG_WARN_DIRECT_OBJC_ISA_USAGE = YES_ERROR;
				CLANG_WARN_DOCUMENTATION_COMMENTS = YES;
				CLANG_WARN_EMPTY_BODY = YES;
				CLANG_WARN_ENUM_CONVERSION = YES;
				CLANG_WARN_INFINITE_RECURSION = YES;
				CLANG_WARN_INT_CONVERSION = YES;
				CLANG_WARN_NON_LITERAL_NULL_CONVERSION = YES;
				CLANG_WARN_OBJC_IMPLICIT_RETAIN_SELF = YES;
				CLANG_WARN_OBJC_LITERAL_CONVERSION = YES;
				CLANG_WARN_OBJC_ROOT_CLASS = YES_ERROR;
				CLANG_WARN_QUOTED_INCLUDE_IN_FRAMEWORK_HEADER = YES;
				CLANG_WARN_RANGE_LOOP_ANALYSIS = YES;
				CLANG_WARN_STRICT_PROTOTYPES = YES;
				CLANG_WARN_SUSPICIOUS_MOVE = YES;
				CLANG_WARN_UNGUARDED_AVAILABILITY = YES_AGGRESSIVE;
				CLANG_WARN_UNREACHABLE_CODE = YES;
				CLANG_WARN__DUPLICATE_METHOD_MATCH = YES;
				COPY_PHASE_STRIP = NO;
				DEBUG_INFORMATION_FORMAT = "dwarf-with-dsym";
				ENABLE_NS_ASSERTIONS = NO;
				ENABLE_STRICT_OBJC_MSGSEND = YES;
				GCC_C_LANGUAGE_STANDARD = gnu11;
				GCC_NO_COMMON_BLOCKS = YES;
				GCC_WARN_64_TO_32_BIT_CONVERSION = YES;
				GCC_WARN_ABOUT_RETURN_TYPE = YES_ERROR;
				GCC_WARN_UNDECLARED_SELECTOR = YES;
				GCC_WARN_UNINITIALIZED_AUTOS = YES_AGGRESSIVE;
				GCC_WARN_UNUSED_FUNCTION = YES;
				GCC_WARN_UNUSED_VARIABLE = YES;
				IPHONEOS_DEPLOYMENT_TARGET = 15.5;
				MTL_ENABLE_DEBUG_INFO = NO;
				MTL_FAST_MATH = YES;
				SDKROOT = iphoneos;
				SWIFT_COMPILATION_MODE = wholemodule;
				SWIFT_OPTIMIZATION_LEVEL = "-O";
				VALIDATE_PRODUCT = YES;
			};
			name = Release;
		};
		CD599F2628CFBFD400EF88A1 /* Debug */ = {
			isa = XCBuildConfiguration;
			buildSettings = {
				ASSETCATALOG_COMPILER_APPICON_NAME = AppIcon;
				ASSETCATALOG_COMPILER_GLOBAL_ACCENT_COLOR_NAME = AccentColor;
				CODE_SIGN_STYLE = Automatic;
				CURRENT_PROJECT_VERSION = 1;
				DEVELOPMENT_TEAM = 3MCEM7LENW;
				GENERATE_INFOPLIST_FILE = YES;
				INFOPLIST_FILE = NiceAnimations/Info.plist;
				INFOPLIST_KEY_UIApplicationSupportsIndirectInputEvents = YES;
				INFOPLIST_KEY_UILaunchStoryboardName = LaunchScreen;
				INFOPLIST_KEY_UIMainStoryboardFile = Main;
				INFOPLIST_KEY_UISupportedInterfaceOrientations = UIInterfaceOrientationPortrait;
				INFOPLIST_KEY_UISupportedInterfaceOrientations_iPad = UIInterfaceOrientationPortrait;
				INFOPLIST_KEY_UISupportedInterfaceOrientations_iPhone = UIInterfaceOrientationPortrait;
				LD_RUNPATH_SEARCH_PATHS = (
					"$(inherited)",
					"@executable_path/Frameworks",
				);
				MARKETING_VERSION = 1.0;
				PRODUCT_BUNDLE_IDENTIFIER = io.fridman.NiceAnimations;
				PRODUCT_NAME = "$(TARGET_NAME)";
				SWIFT_EMIT_LOC_STRINGS = YES;
				SWIFT_VERSION = 5.0;
				TARGETED_DEVICE_FAMILY = 1;
			};
			name = Debug;
		};
		CD599F2728CFBFD400EF88A1 /* Release */ = {
			isa = XCBuildConfiguration;
			buildSettings = {
				ASSETCATALOG_COMPILER_APPICON_NAME = AppIcon;
				ASSETCATALOG_COMPILER_GLOBAL_ACCENT_COLOR_NAME = AccentColor;
				CODE_SIGN_STYLE = Automatic;
				CURRENT_PROJECT_VERSION = 1;
				DEVELOPMENT_TEAM = 3MCEM7LENW;
				GENERATE_INFOPLIST_FILE = YES;
				INFOPLIST_FILE = NiceAnimations/Info.plist;
				INFOPLIST_KEY_UIApplicationSupportsIndirectInputEvents = YES;
				INFOPLIST_KEY_UILaunchStoryboardName = LaunchScreen;
				INFOPLIST_KEY_UIMainStoryboardFile = Main;
				INFOPLIST_KEY_UISupportedInterfaceOrientations = UIInterfaceOrientationPortrait;
				INFOPLIST_KEY_UISupportedInterfaceOrientations_iPad = UIInterfaceOrientationPortrait;
				INFOPLIST_KEY_UISupportedInterfaceOrientations_iPhone = UIInterfaceOrientationPortrait;
				LD_RUNPATH_SEARCH_PATHS = (
					"$(inherited)",
					"@executable_path/Frameworks",
				);
				MARKETING_VERSION = 1.0;
				PRODUCT_BUNDLE_IDENTIFIER = io.fridman.NiceAnimations;
				PRODUCT_NAME = "$(TARGET_NAME)";
				SWIFT_EMIT_LOC_STRINGS = YES;
				SWIFT_VERSION = 5.0;
				TARGETED_DEVICE_FAMILY = 1;
			};
			name = Release;
		};
/* End XCBuildConfiguration section */

/* Begin XCConfigurationList section */
		CD599F0C28CFBFD200EF88A1 /* Build configuration list for PBXProject "NiceAnimations" */ = {
			isa = XCConfigurationList;
			buildConfigurations = (
				CD599F2328CFBFD400EF88A1 /* Debug */,
				CD599F2428CFBFD400EF88A1 /* Release */,
			);
			defaultConfigurationIsVisible = 0;
			defaultConfigurationName = Release;
		};
		CD599F2528CFBFD400EF88A1 /* Build configuration list for PBXNativeTarget "NiceAnimations" */ = {
			isa = XCConfigurationList;
			buildConfigurations = (
				CD599F2628CFBFD400EF88A1 /* Debug */,
				CD599F2728CFBFD400EF88A1 /* Release */,
			);
			defaultConfigurationIsVisible = 0;
			defaultConfigurationName = Release;
		};
/* End XCConfigurationList section */

/* Begin XCRemoteSwiftPackageReference section */
		CD244A4528CFC57E003434B3 /* XCRemoteSwiftPackageReference "SpringAnimation" */ = {
			isa = XCRemoteSwiftPackageReference;
			repositoryURL = "https://github.com/LexDeBash/SpringAnimation";
			requirement = {
				branch = main;
				kind = branch;
			};
		};
/* End XCRemoteSwiftPackageReference section */

/* Begin XCSwiftPackageProductDependency section */
		CD244A4628CFC57E003434B3 /* SpringAnimation */ = {
			isa = XCSwiftPackageProductDependency;
			package = CD244A4528CFC57E003434B3 /* XCRemoteSwiftPackageReference "SpringAnimation" */;
			productName = SpringAnimation;
		};
/* End XCSwiftPackageProductDependency section */
	};
	rootObject = CD599F0928CFBFD200EF88A1 /* Project object */;
}
